PODS:
  - SnapKit (5.6.0)
  - VerifyBlocSDK (0.4.1)

DEPENDENCIES:
  - SnapKit
  - VerifyBlocSDK (from `../`)

SPEC REPOS:
  trunk:
    - SnapKit

EXTERNAL SOURCES:
  VerifyBlocSDK:
    :path: "../"

SPEC CHECKSUMS:
  SnapKit: e01d52ebb8ddbc333eefe2132acf85c8227d9c25
  VerifyBlocSDK: 5aaa84c30cb234a4cd4c106b87cbf67435cd0dd9

PODFILE CHECKSUM: 1007e846bc36fdd1178741ad983d03c18c10cb77

COCOAPODS: 1.12.1
