PODS:
  - SnapKit (5.6.0)
  - VerifyBlocSDK (0.3.8)

DEPENDENCIES:
  - SnapKit
  - VerifyBlocSDK (from `../`)

SPEC REPOS:
  trunk:
    - SnapKit

EXTERNAL SOURCES:
  VerifyBlocSDK:
    :path: "../"

SPEC CHECKSUMS:
  SnapKit: e01d52ebb8ddbc333eefe2132acf85c8227d9c25
  VerifyBlocSDK: c78aa526e48df7953844115532114cc0214c3367

PODFILE CHECKSUM: d06260356adddbb7dd96b87c3d2293d7301dc35c

COCOAPODS: 1.12.1
