PODS:
  - SnapKit (5.6.0)
  - VerifyBlocSDK (0.3.6)

DEPENDENCIES:
  - SnapKit
  - VerifyBlocSDK (from `../`)

SPEC REPOS:
  trunk:
    - SnapKit

EXTERNAL SOURCES:
  VerifyBlocSDK:
    :path: "../"

SPEC CHECKSUMS:
  SnapKit: e01d52ebb8ddbc333eefe2132acf85c8227d9c25
  VerifyBlocSDK: 126d0126d9d2c9ba61c92a0f0b21b8c116df3f9d

PODFILE CHECKSUM: d08fd5188c32e8413a9edd83e058b9162b6d242d

COCOAPODS: 1.12.1
